
Microsoft Visual Studio Solution File, Format Version 12.00
# Visual Studio 15
VisualStudioVersion = 15.0.26124.0
MinimumVisualStudioVersion = 15.0.26124.0
Project("{FAE04EC0-301F-11D3-BF4B-00C04F79EFBC}") = "Common", "Common\Common.csproj", "{2C1BE604-1B97-4048-953A-FEEFA46CEC45}"
EndProject
Project("{FAE04EC0-301F-11D3-BF4B-00C04F79EFBC}") = "LoadStockTickers", "LoadStockTickers\LoadStockTickers.csproj", "{EF65F419-4705-4903-8789-EBA8028AE141}"
EndProject
Project("{FAE04EC0-301F-11D3-BF4B-00C04F79EFBC}") = "StockTickerMonitor", "StockTickerMonitor\StockTickerMonitor.csproj", "{FC1E75A3-34D5-4ADF-A1D0-1209A66D1375}"
EndProject
Project("{FAE04EC0-301F-11D3-BF4B-00C04F79EFBC}") = "StockTickerWorker", "stocktickerworker\StockTickerWorker.csproj", "{7DC4EE5D-BA55-49E3-8130-2F6245A3D664}"
EndProject
Project("{FAE04EC0-301F-11D3-BF4B-00C04F79EFBC}") = "StockTickerApi", "stocktickerapi\StockTickerApi.csproj", "{0D15AEE4-F33B-4B12-A23C-E9CEE97C1CCF}"
EndProject
Project("{FAE04EC0-301F-11D3-BF4B-00C04F79EFBC}") = "StockTickerUi", "StockTickerUi\StockTickerUi.csproj", "{AC018841-BFFC-411D-88E6-5634B8D6AFB4}"
EndProject
Global
	GlobalSection(SolutionConfigurationPlatforms) = preSolution
		Debug|Any CPU = Debug|Any CPU
		Debug|x64 = Debug|x64
		Debug|x86 = Debug|x86
		Release|Any CPU = Release|Any CPU
		Release|x64 = Release|x64
		Release|x86 = Release|x86
	EndGlobalSection
	GlobalSection(SolutionProperties) = preSolution
		HideSolutionNode = FALSE
	EndGlobalSection
	GlobalSection(ProjectConfigurationPlatforms) = postSolution
		{2C1BE604-1B97-4048-953A-FEEFA46CEC45}.Debug|Any CPU.ActiveCfg = Debug|Any CPU
		{2C1BE604-1B97-4048-953A-FEEFA46CEC45}.Debug|Any CPU.Build.0 = Debug|Any CPU
		{2C1BE604-1B97-4048-953A-FEEFA46CEC45}.Debug|x64.ActiveCfg = Debug|Any CPU
		{2C1BE604-1B97-4048-953A-FEEFA46CEC45}.Debug|x64.Build.0 = Debug|Any CPU
		{2C1BE604-1B97-4048-953A-FEEFA46CEC45}.Debug|x86.ActiveCfg = Debug|Any CPU
		{2C1BE604-1B97-4048-953A-FEEFA46CEC45}.Debug|x86.Build.0 = Debug|Any CPU
		{2C1BE604-1B97-4048-953A-FEEFA46CEC45}.Release|Any CPU.ActiveCfg = Release|Any CPU
		{2C1BE604-1B97-4048-953A-FEEFA46CEC45}.Release|Any CPU.Build.0 = Release|Any CPU
		{2C1BE604-1B97-4048-953A-FEEFA46CEC45}.Release|x64.ActiveCfg = Release|Any CPU
		{2C1BE604-1B97-4048-953A-FEEFA46CEC45}.Release|x64.Build.0 = Release|Any CPU
		{2C1BE604-1B97-4048-953A-FEEFA46CEC45}.Release|x86.ActiveCfg = Release|Any CPU
		{2C1BE604-1B97-4048-953A-FEEFA46CEC45}.Release|x86.Build.0 = Release|Any CPU
		{EF65F419-4705-4903-8789-EBA8028AE141}.Debug|Any CPU.ActiveCfg = Debug|Any CPU
		{EF65F419-4705-4903-8789-EBA8028AE141}.Debug|Any CPU.Build.0 = Debug|Any CPU
		{EF65F419-4705-4903-8789-EBA8028AE141}.Debug|x64.ActiveCfg = Debug|Any CPU
		{EF65F419-4705-4903-8789-EBA8028AE141}.Debug|x64.Build.0 = Debug|Any CPU
		{EF65F419-4705-4903-8789-EBA8028AE141}.Debug|x86.ActiveCfg = Debug|Any CPU
		{EF65F419-4705-4903-8789-EBA8028AE141}.Debug|x86.Build.0 = Debug|Any CPU
		{EF65F419-4705-4903-8789-EBA8028AE141}.Release|Any CPU.ActiveCfg = Release|Any CPU
		{EF65F419-4705-4903-8789-EBA8028AE141}.Release|Any CPU.Build.0 = Release|Any CPU
		{EF65F419-4705-4903-8789-EBA8028AE141}.Release|x64.ActiveCfg = Release|Any CPU
		{EF65F419-4705-4903-8789-EBA8028AE141}.Release|x64.Build.0 = Release|Any CPU
		{EF65F419-4705-4903-8789-EBA8028AE141}.Release|x86.ActiveCfg = Release|Any CPU
		{EF65F419-4705-4903-8789-EBA8028AE141}.Release|x86.Build.0 = Release|Any CPU
		{FC1E75A3-34D5-4ADF-A1D0-1209A66D1375}.Debug|Any CPU.ActiveCfg = Debug|Any CPU
		{FC1E75A3-34D5-4ADF-A1D0-1209A66D1375}.Debug|Any CPU.Build.0 = Debug|Any CPU
		{FC1E75A3-34D5-4ADF-A1D0-1209A66D1375}.Debug|x64.ActiveCfg = Debug|Any CPU
		{FC1E75A3-34D5-4ADF-A1D0-1209A66D1375}.Debug|x64.Build.0 = Debug|Any CPU
		{FC1E75A3-34D5-4ADF-A1D0-1209A66D1375}.Debug|x86.ActiveCfg = Debug|Any CPU
		{FC1E75A3-34D5-4ADF-A1D0-1209A66D1375}.Debug|x86.Build.0 = Debug|Any CPU
		{FC1E75A3-34D5-4ADF-A1D0-1209A66D1375}.Release|Any CPU.ActiveCfg = Release|Any CPU
		{FC1E75A3-34D5-4ADF-A1D0-1209A66D1375}.Release|Any CPU.Build.0 = Release|Any CPU
		{FC1E75A3-34D5-4ADF-A1D0-1209A66D1375}.Release|x64.ActiveCfg = Release|Any CPU
		{FC1E75A3-34D5-4ADF-A1D0-1209A66D1375}.Release|x64.Build.0 = Release|Any CPU
		{FC1E75A3-34D5-4ADF-A1D0-1209A66D1375}.Release|x86.ActiveCfg = Release|Any CPU
		{FC1E75A3-34D5-4ADF-A1D0-1209A66D1375}.Release|x86.Build.0 = Release|Any CPU
		{7DC4EE5D-BA55-49E3-8130-2F6245A3D664}.Debug|Any CPU.ActiveCfg = Debug|Any CPU
		{7DC4EE5D-BA55-49E3-8130-2F6245A3D664}.Debug|Any CPU.Build.0 = Debug|Any CPU
		{7DC4EE5D-BA55-49E3-8130-2F6245A3D664}.Debug|x64.ActiveCfg = Debug|Any CPU
		{7DC4EE5D-BA55-49E3-8130-2F6245A3D664}.Debug|x64.Build.0 = Debug|Any CPU
		{7DC4EE5D-BA55-49E3-8130-2F6245A3D664}.Debug|x86.ActiveCfg = Debug|Any CPU
		{7DC4EE5D-BA55-49E3-8130-2F6245A3D664}.Debug|x86.Build.0 = Debug|Any CPU
		{7DC4EE5D-BA55-49E3-8130-2F6245A3D664}.Release|Any CPU.ActiveCfg = Release|Any CPU
		{7DC4EE5D-BA55-49E3-8130-2F6245A3D664}.Release|Any CPU.Build.0 = Release|Any CPU
		{7DC4EE5D-BA55-49E3-8130-2F6245A3D664}.Release|x64.ActiveCfg = Release|Any CPU
		{7DC4EE5D-BA55-49E3-8130-2F6245A3D664}.Release|x64.Build.0 = Release|Any CPU
		{7DC4EE5D-BA55-49E3-8130-2F6245A3D664}.Release|x86.ActiveCfg = Release|Any CPU
		{7DC4EE5D-BA55-49E3-8130-2F6245A3D664}.Release|x86.Build.0 = Release|Any CPU
		{0D15AEE4-F33B-4B12-A23C-E9CEE97C1CCF}.Debug|Any CPU.ActiveCfg = Debug|Any CPU
		{0D15AEE4-F33B-4B12-A23C-E9CEE97C1CCF}.Debug|Any CPU.Build.0 = Debug|Any CPU
		{0D15AEE4-F33B-4B12-A23C-E9CEE97C1CCF}.Debug|x64.ActiveCfg = Debug|Any CPU
		{0D15AEE4-F33B-4B12-A23C-E9CEE97C1CCF}.Debug|x64.Build.0 = Debug|Any CPU
		{0D15AEE4-F33B-4B12-A23C-E9CEE97C1CCF}.Debug|x86.ActiveCfg = Debug|Any CPU
		{0D15AEE4-F33B-4B12-A23C-E9CEE97C1CCF}.Debug|x86.Build.0 = Debug|Any CPU
		{0D15AEE4-F33B-4B12-A23C-E9CEE97C1CCF}.Release|Any CPU.ActiveCfg = Release|Any CPU
		{0D15AEE4-F33B-4B12-A23C-E9CEE97C1CCF}.Release|Any CPU.Build.0 = Release|Any CPU
		{0D15AEE4-F33B-4B12-A23C-E9CEE97C1CCF}.Release|x64.ActiveCfg = Release|Any CPU
		{0D15AEE4-F33B-4B12-A23C-E9CEE97C1CCF}.Release|x64.Build.0 = Release|Any CPU
		{0D15AEE4-F33B-4B12-A23C-E9CEE97C1CCF}.Release|x86.ActiveCfg = Release|Any CPU
		{0D15AEE4-F33B-4B12-A23C-E9CEE97C1CCF}.Release|x86.Build.0 = Release|Any CPU
		{AC018841-BFFC-411D-88E6-5634B8D6AFB4}.Debug|Any CPU.ActiveCfg = Debug|Any CPU
		{AC018841-BFFC-411D-88E6-5634B8D6AFB4}.Debug|Any CPU.Build.0 = Debug|Any CPU
		{AC018841-BFFC-411D-88E6-5634B8D6AFB4}.Debug|x64.ActiveCfg = Debug|Any CPU
		{AC018841-BFFC-411D-88E6-5634B8D6AFB4}.Debug|x64.Build.0 = Debug|Any CPU
		{AC018841-BFFC-411D-88E6-5634B8D6AFB4}.Debug|x86.ActiveCfg = Debug|Any CPU
		{AC018841-BFFC-411D-88E6-5634B8D6AFB4}.Debug|x86.Build.0 = Debug|Any CPU
		{AC018841-BFFC-411D-88E6-5634B8D6AFB4}.Release|Any CPU.ActiveCfg = Release|Any CPU
		{AC018841-BFFC-411D-88E6-5634B8D6AFB4}.Release|Any CPU.Build.0 = Release|Any CPU
		{AC018841-BFFC-411D-88E6-5634B8D6AFB4}.Release|x64.ActiveCfg = Release|Any CPU
		{AC018841-BFFC-411D-88E6-5634B8D6AFB4}.Release|x64.Build.0 = Release|Any CPU
		{AC018841-BFFC-411D-88E6-5634B8D6AFB4}.Release|x86.ActiveCfg = Release|Any CPU
		{AC018841-BFFC-411D-88E6-5634B8D6AFB4}.Release|x86.Build.0 = Release|Any CPU
	EndGlobalSection
EndGlobal
